{
  "name": "notedux",
  "version": "1.0.8",
  "lockfileVersion": 3,
  "requires": true,
  "packages": {
    "": {
      "name": "notedux",
      "version": "1.0.8",
      "license": "GPL-2.0-only",
      "dependencies": {
        "notedux": "^1.0.8"
      },
      "bin": {
        "notedux": "notedux"
      }
    },
    "node_modules/notedux": {
      "version": "1.0.8",
      "resolved": "https://registry.npmjs.org/notedux/-/notedux-1.0.8.tgz",
      "integrity": "sha512-1EkTEhvSTyqSW69Ff4/eQOx77G6lRzZfgKjdOPOV8VLzln4QcUubK5ESW+qqB3Oxl0kU3IlAEBcZYyhNwb9QxA==",
      "license": "GPL-2.0-only",
      "dependencies": {
        "notedux": "^1.0.7"
      },
      "bin": {
        "notedux": "notedux"
      }
    }
  }
}
